
Microsoft Visual Studio Solution File, Format Version 12.00
# Visual Studio Version 17
VisualStudioVersion = 17.9.34728.123
MinimumVisualStudioVersion = 10.0.40219.1
Project("{8BC9CEB8-8B4A-11D0-8D11-00A0C91BC942}") = "Seminar_12_SDD_", "Seminar_12_SDD_.vcxproj", "{C7A67D74-1151-4070-B447-CA542586149C}"
EndProject
Global
	GlobalSection(SolutionConfigurationPlatforms) = preSolution
		Debug|x64 = Debug|x64
		Debug|x86 = Debug|x86
		Release|x64 = Release|x64
		Release|x86 = Release|x86
	EndGlobalSection
	GlobalSection(ProjectConfigurationPlatforms) = postSolution
		{C7A67D74-1151-4070-B447-CA542586149C}.Debug|x64.ActiveCfg = Debug|x64
		{C7A67D74-1151-4070-B447-CA542586149C}.Debug|x64.Build.0 = Debug|x64
		{C7A67D74-1151-4070-B447-CA542586149C}.Debug|x86.ActiveCfg = Debug|Win32
		{C7A67D74-1151-4070-B447-CA542586149C}.Debug|x86.Build.0 = Debug|Win32
		{C7A67D74-1151-4070-B447-CA542586149C}.Release|x64.ActiveCfg = Release|x64
		{C7A67D74-1151-4070-B447-CA542586149C}.Release|x64.Build.0 = Release|x64
		{C7A67D74-1151-4070-B447-CA542586149C}.Release|x86.ActiveCfg = Release|Win32
		{C7A67D74-1151-4070-B447-CA542586149C}.Release|x86.Build.0 = Release|Win32
	EndGlobalSection
	GlobalSection(SolutionProperties) = preSolution
		HideSolutionNode = FALSE
	EndGlobalSection
	GlobalSection(ExtensibilityGlobals) = postSolution
		SolutionGuid = {48C161FD-DE39-4CF0-83B3-99ED6EB777D3}
	EndGlobalSection
EndGlobal
