
Microsoft Visual Studio Solution File, Format Version 12.00
# Visual Studio Version 17
VisualStudioVersion = 17.9.34616.47
MinimumVisualStudioVersion = 10.0.40219.1
Project("{8BC9CEB8-8B4A-11D0-8D11-00A0C91BC942}") = "Task_Suplimentar_4_Seminar_SDD", "Task_Suplimentar_4_Seminar_SDD.vcxproj", "{9DF5942B-68DD-49E7-BEC3-8DFB095CE1CD}"
EndProject
Global
	GlobalSection(SolutionConfigurationPlatforms) = preSolution
		Debug|x64 = Debug|x64
		Debug|x86 = Debug|x86
		Release|x64 = Release|x64
		Release|x86 = Release|x86
	EndGlobalSection
	GlobalSection(ProjectConfigurationPlatforms) = postSolution
		{9DF5942B-68DD-49E7-BEC3-8DFB095CE1CD}.Debug|x64.ActiveCfg = Debug|x64
		{9DF5942B-68DD-49E7-BEC3-8DFB095CE1CD}.Debug|x64.Build.0 = Debug|x64
		{9DF5942B-68DD-49E7-BEC3-8DFB095CE1CD}.Debug|x86.ActiveCfg = Debug|Win32
		{9DF5942B-68DD-49E7-BEC3-8DFB095CE1CD}.Debug|x86.Build.0 = Debug|Win32
		{9DF5942B-68DD-49E7-BEC3-8DFB095CE1CD}.Release|x64.ActiveCfg = Release|x64
		{9DF5942B-68DD-49E7-BEC3-8DFB095CE1CD}.Release|x64.Build.0 = Release|x64
		{9DF5942B-68DD-49E7-BEC3-8DFB095CE1CD}.Release|x86.ActiveCfg = Release|Win32
		{9DF5942B-68DD-49E7-BEC3-8DFB095CE1CD}.Release|x86.Build.0 = Release|Win32
	EndGlobalSection
	GlobalSection(SolutionProperties) = preSolution
		HideSolutionNode = FALSE
	EndGlobalSection
	GlobalSection(ExtensibilityGlobals) = postSolution
		SolutionGuid = {4E0216D1-5E97-4B40-8CFB-72C9DE5102E6}
	EndGlobalSection
EndGlobal
